
Microsoft Visual Studio Solution File, Format Version 12.00
# Visual Studio Version 17
VisualStudioVersion = 17.10.35013.160
MinimumVisualStudioVersion = 10.0.40219.1
Project("{FAE04EC0-301F-11D3-BF4B-00C04F79EFBC}") = "LoginCheck", "Project_exer\LoginCheck.csproj", "{8D8F5C37-DADB-48E7-A5E8-DB4200BDCF53}"
EndProject
Project("{FAE04EC0-301F-11D3-BF4B-00C04F79EFBC}") = "numberGuesser", "numberGuesser\numberGuesser.csproj", "{532FFB95-1E11-4F15-AF72-957324CDADAD}"
EndProject
Project("{FAE04EC0-301F-11D3-BF4B-00C04F79EFBC}") = "theTwoGuardsProblem", "theTwoGuardsProblem\theTwoGuardsProblem.csproj", "{63D10E1B-1B7E-4667-9044-9D81FFDDA796}"
EndProject
Global
	GlobalSection(SolutionConfigurationPlatforms) = preSolution
		Debug|Any CPU = Debug|Any CPU
		Release|Any CPU = Release|Any CPU
	EndGlobalSection
	GlobalSection(ProjectConfigurationPlatforms) = postSolution
		{8D8F5C37-DADB-48E7-A5E8-DB4200BDCF53}.Debug|Any CPU.ActiveCfg = Debug|Any CPU
		{8D8F5C37-DADB-48E7-A5E8-DB4200BDCF53}.Debug|Any CPU.Build.0 = Debug|Any CPU
		{8D8F5C37-DADB-48E7-A5E8-DB4200BDCF53}.Release|Any CPU.ActiveCfg = Release|Any CPU
		{8D8F5C37-DADB-48E7-A5E8-DB4200BDCF53}.Release|Any CPU.Build.0 = Release|Any CPU
		{532FFB95-1E11-4F15-AF72-957324CDADAD}.Debug|Any CPU.ActiveCfg = Debug|Any CPU
		{532FFB95-1E11-4F15-AF72-957324CDADAD}.Debug|Any CPU.Build.0 = Debug|Any CPU
		{532FFB95-1E11-4F15-AF72-957324CDADAD}.Release|Any CPU.ActiveCfg = Release|Any CPU
		{532FFB95-1E11-4F15-AF72-957324CDADAD}.Release|Any CPU.Build.0 = Release|Any CPU
		{63D10E1B-1B7E-4667-9044-9D81FFDDA796}.Debug|Any CPU.ActiveCfg = Debug|Any CPU
		{63D10E1B-1B7E-4667-9044-9D81FFDDA796}.Debug|Any CPU.Build.0 = Debug|Any CPU
		{63D10E1B-1B7E-4667-9044-9D81FFDDA796}.Release|Any CPU.ActiveCfg = Release|Any CPU
		{63D10E1B-1B7E-4667-9044-9D81FFDDA796}.Release|Any CPU.Build.0 = Release|Any CPU
	EndGlobalSection
	GlobalSection(SolutionProperties) = preSolution
		HideSolutionNode = FALSE
	EndGlobalSection
	GlobalSection(ExtensibilityGlobals) = postSolution
		SolutionGuid = {D5457324-B0A2-4B60-98B6-A09E2A7400AF}
	EndGlobalSection
EndGlobal
